
Microsoft Visual Studio Solution File, Format Version 12.00
# Visual Studio Version 17
VisualStudioVersion = 17.7.34302.85
MinimumVisualStudioVersion = 10.0.40219.1
Project("{9A19103F-16F7-4668-BE54-9A1E7A4F7556}") = "SeidorApi", "SeidorApi.csproj", "{86915688-70EC-4B9A-B745-3D13EF199039}"
EndProject
Project("{FAE04EC0-301F-11D3-BF4B-00C04F79EFBC}") = "SeidorTest", "..\SeidorTest\SeidorTest.csproj", "{DB6B89B0-794B-4D66-AFDB-5F269F129F7E}"
EndProject
Global
	GlobalSection(SolutionConfigurationPlatforms) = preSolution
		Debug|Any CPU = Debug|Any CPU
		Release|Any CPU = Release|Any CPU
	EndGlobalSection
	GlobalSection(ProjectConfigurationPlatforms) = postSolution
		{86915688-70EC-4B9A-B745-3D13EF199039}.Debug|Any CPU.ActiveCfg = Debug|Any CPU
		{86915688-70EC-4B9A-B745-3D13EF199039}.Debug|Any CPU.Build.0 = Debug|Any CPU
		{86915688-70EC-4B9A-B745-3D13EF199039}.Release|Any CPU.ActiveCfg = Release|Any CPU
		{86915688-70EC-4B9A-B745-3D13EF199039}.Release|Any CPU.Build.0 = Release|Any CPU
		{DB6B89B0-794B-4D66-AFDB-5F269F129F7E}.Debug|Any CPU.ActiveCfg = Debug|Any CPU
		{DB6B89B0-794B-4D66-AFDB-5F269F129F7E}.Debug|Any CPU.Build.0 = Debug|Any CPU
		{DB6B89B0-794B-4D66-AFDB-5F269F129F7E}.Release|Any CPU.ActiveCfg = Release|Any CPU
		{DB6B89B0-794B-4D66-AFDB-5F269F129F7E}.Release|Any CPU.Build.0 = Release|Any CPU
	EndGlobalSection
	GlobalSection(SolutionProperties) = preSolution
		HideSolutionNode = FALSE
	EndGlobalSection
	GlobalSection(ExtensibilityGlobals) = postSolution
		SolutionGuid = {E5018FC9-F415-4A6E-9EAC-EE085DFAE680}
	EndGlobalSection
EndGlobal
